
Microsoft Visual Studio Solution File, Format Version 12.00
# Visual Studio Version 17
VisualStudioVersion = 17.3.32922.545
MinimumVisualStudioVersion = 10.0.40219.1
Project("{FAE04EC0-301F-11D3-BF4B-00C04F79EFBC}") = "ffvgs-backend", "ffvgs-backend.csproj", "{056D368E-59C8-442F-95D5-57EC8FA41D8B}"
EndProject
Global
	GlobalSection(SolutionConfigurationPlatforms) = preSolution
		Debug|Any CPU = Debug|Any CPU
		Release|Any CPU = Release|Any CPU
	EndGlobalSection
	GlobalSection(ProjectConfigurationPlatforms) = postSolution
		{056D368E-59C8-442F-95D5-57EC8FA41D8B}.Debug|Any CPU.ActiveCfg = Debug|Any CPU
		{056D368E-59C8-442F-95D5-57EC8FA41D8B}.Debug|Any CPU.Build.0 = Debug|Any CPU
		{056D368E-59C8-442F-95D5-57EC8FA41D8B}.Release|Any CPU.ActiveCfg = Release|Any CPU
		{056D368E-59C8-442F-95D5-57EC8FA41D8B}.Release|Any CPU.Build.0 = Release|Any CPU
	EndGlobalSection
	GlobalSection(SolutionProperties) = preSolution
		HideSolutionNode = FALSE
	EndGlobalSection
	GlobalSection(ExtensibilityGlobals) = postSolution
		SolutionGuid = {CACE42E1-9F21-453F-BF36-5D6CA88A16F2}
	EndGlobalSection
EndGlobal
